{
  "name": "live-resolver",
  "version": "0.4.3",
  "dependencies": {
    "async": {
      "version": "0.9.2",
      "from": "async@>=0.9.0 <0.10.0",
      "resolved": "https://registry.npmjs.org/async/-/async-0.9.2.tgz"
    },
    "balanced-match": {
      "version": "0.4.2",
      "from": "balanced-match@>=0.4.1 <0.5.0",
      "resolved": "https://registry.npmjs.org/balanced-match/-/balanced-match-0.4.2.tgz",
      "dev": true
    },
    "boom": {
      "version": "4.2.0",
      "from": "boom@4.2.0",
      "resolved": "http://registry.npmjs.org/boom/-/boom-4.2.0.tgz"
    },
    "brace-expansion": {
      "version": "1.1.6",
      "from": "brace-expansion@>=1.0.0 <2.0.0",
      "resolved": "https://registry.npmjs.org/brace-expansion/-/brace-expansion-1.1.6.tgz",
      "dev": true
    },
    "browser-stdout": {
      "version": "1.3.0",
      "from": "browser-stdout@1.3.0",
      "resolved": "http://registry.npmjs.org/browser-stdout/-/browser-stdout-1.3.0.tgz",
      "dev": true
    },
    "capture-stack-trace": {
      "version": "1.0.0",
      "from": "capture-stack-trace@>=1.0.0 <2.0.0",
      "resolved": "https://registry.npmjs.org/capture-stack-trace/-/capture-stack-trace-1.0.0.tgz"
    },
    "combined-stream": {
      "version": "0.0.7",
      "from": "combined-stream@>=0.0.4 <0.1.0",
      "resolved": "https://registry.npmjs.org/combined-stream/-/combined-stream-0.0.7.tgz"
    },
    "commander": {
      "version": "2.9.0",
      "from": "commander@2.9.0",
      "resolved": "https://registry.npmjs.org/commander/-/commander-2.9.0.tgz",
      "dev": true
    },
    "component-emitter": {
      "version": "1.1.2",
      "from": "component-emitter@1.1.2",
      "resolved": "https://registry.npmjs.org/component-emitter/-/component-emitter-1.1.2.tgz"
    },
    "concat-map": {
      "version": "0.0.1",
      "from": "concat-map@0.0.1",
      "resolved": "https://registry.npmjs.org/concat-map/-/concat-map-0.0.1.tgz",
      "dev": true
    },
    "cookiejar": {
      "version": "2.0.1",
      "from": "cookiejar@2.0.1",
      "resolved": "http://registry.npmjs.org/cookiejar/-/cookiejar-2.0.1.tgz"
    },
    "core-util-is": {
      "version": "1.0.2",
      "from": "core-util-is@>=1.0.0 <1.1.0",
      "resolved": "https://registry.npmjs.org/core-util-is/-/core-util-is-1.0.2.tgz"
    },
    "create-error-class": {
      "version": "3.0.2",
      "from": "create-error-class@>=3.0.0 <4.0.0",
      "resolved": "https://registry.npmjs.org/create-error-class/-/create-error-class-3.0.2.tgz"
    },
    "create-thenable": {
      "version": "1.0.2",
      "from": "create-thenable@>=1.0.0 <1.1.0",
      "resolved": "http://registry.npmjs.org/create-thenable/-/create-thenable-1.0.2.tgz",
      "dev": true
    },
    "debug": {
      "version": "2.6.0",
      "from": "debug@>=2.0.0 <3.0.0",
      "resolved": "https://registry.npmjs.org/debug/-/debug-2.6.0.tgz"
    },
    "delayed-stream": {
      "version": "0.0.5",
      "from": "delayed-stream@0.0.5",
      "resolved": "https://registry.npmjs.org/delayed-stream/-/delayed-stream-0.0.5.tgz"
    },
    "diff": {
      "version": "1.4.0",
      "from": "diff@1.4.0",
      "resolved": "https://registry.npmjs.org/diff/-/diff-1.4.0.tgz",
      "dev": true
    },
    "duplexer3": {
      "version": "0.1.4",
      "from": "duplexer3@>=0.1.4 <0.2.0",
      "resolved": "https://registry.npmjs.org/duplexer3/-/duplexer3-0.1.4.tgz"
    },
    "escape-string-regexp": {
      "version": "1.0.5",
      "from": "escape-string-regexp@1.0.5",
      "resolved": "https://registry.npmjs.org/escape-string-regexp/-/escape-string-regexp-1.0.5.tgz",
      "dev": true
    },
    "extend": {
      "version": "1.2.1",
      "from": "extend@>=1.2.1 <1.3.0",
      "resolved": "http://registry.npmjs.org/extend/-/extend-1.2.1.tgz"
    },
    "for-in": {
      "version": "0.1.6",
      "from": "for-in@>=0.1.5 <0.2.0",
      "resolved": "http://registry.npmjs.org/for-in/-/for-in-0.1.6.tgz",
      "dev": true
    },
    "for-own": {
      "version": "0.1.4",
      "from": "for-own@>=0.1.4 <0.2.0",
      "resolved": "https://registry.npmjs.org/for-own/-/for-own-0.1.4.tgz",
      "dev": true
    },
    "form-data": {
      "version": "0.1.3",
      "from": "form-data@0.1.3",
      "resolved": "http://registry.npmjs.org/form-data/-/form-data-0.1.3.tgz"
    },
    "formatio": {
      "version": "1.1.1",
      "from": "formatio@1.1.1",
      "resolved": "https://registry.npmjs.org/formatio/-/formatio-1.1.1.tgz",
      "dev": true
    },
    "formidable": {
      "version": "1.0.14",
      "from": "formidable@1.0.14",
      "resolved": "http://registry.npmjs.org/formidable/-/formidable-1.0.14.tgz"
    },
    "fs.realpath": {
      "version": "1.0.0",
      "from": "fs.realpath@>=1.0.0 <2.0.0",
      "resolved": "https://registry.npmjs.org/fs.realpath/-/fs.realpath-1.0.0.tgz",
      "dev": true
    },
    "get-stream": {
      "version": "3.0.0",
      "from": "get-stream@>=3.0.0 <4.0.0",
      "resolved": "https://registry.npmjs.org/get-stream/-/get-stream-3.0.0.tgz"
    },
    "github-url-to-object": {
      "version": "3.0.0",
      "from": "github-url-to-object@3.0.0",
      "resolved": "http://registry.npmjs.org/github-url-to-object/-/github-url-to-object-3.0.0.tgz"
    },
    "glob": {
      "version": "7.0.5",
      "from": "glob@7.0.5",
      "resolved": "https://registry.npmjs.org/glob/-/glob-7.0.5.tgz",
      "dev": true
    },
    "got": {
      "version": "6.7.1",
      "from": "got@6.7.1",
      "resolved": "https://registry.npmjs.org/got/-/got-6.7.1.tgz"
    },
    "graceful-readlink": {
      "version": "1.0.1",
      "from": "graceful-readlink@>=1.0.0",
      "resolved": "https://registry.npmjs.org/graceful-readlink/-/graceful-readlink-1.0.1.tgz",
      "dev": true
    },
    "growl": {
      "version": "1.9.2",
      "from": "growl@1.9.2",
      "resolved": "https://registry.npmjs.org/growl/-/growl-1.9.2.tgz",
      "dev": true
    },
    "hapi": {
      "version": "16.1.0",
      "from": "hapi@16.1.0",
      "resolved": "http://registry.npmjs.org/hapi/-/hapi-16.1.0.tgz",
      "dependencies": {
        "accept": {
          "version": "2.1.3",
          "from": "accept@2.1.3",
          "resolved": "http://registry.npmjs.org/accept/-/accept-2.1.3.tgz"
        },
        "ammo": {
          "version": "2.0.3",
          "from": "ammo@2.0.3",
          "resolved": "http://registry.npmjs.org/ammo/-/ammo-2.0.3.tgz"
        },
        "b64": {
          "version": "3.0.2",
          "from": "b64@3.0.2",
          "resolved": "http://registry.npmjs.org/b64/-/b64-3.0.2.tgz"
        },
        "boom": {
          "version": "4.2.0",
          "from": "boom@4.2.0",
          "resolved": "https://registry.npmjs.org/boom/-/boom-4.2.0.tgz"
        },
        "call": {
          "version": "4.0.0",
          "from": "call@4.0.0",
          "resolved": "http://registry.npmjs.org/call/-/call-4.0.0.tgz"
        },
        "catbox": {
          "version": "7.1.3",
          "from": "catbox@7.1.3",
          "resolved": "http://registry.npmjs.org/catbox/-/catbox-7.1.3.tgz"
        },
        "catbox-memory": {
          "version": "2.0.4",
          "from": "catbox-memory@2.0.4",
          "resolved": "http://registry.npmjs.org/catbox-memory/-/catbox-memory-2.0.4.tgz"
        },
        "content": {
          "version": "3.0.3",
          "from": "content@3.0.3",
          "resolved": "http://registry.npmjs.org/content/-/content-3.0.3.tgz"
        },
        "cryptiles": {
          "version": "3.1.1",
          "from": "cryptiles@3.1.1",
          "resolved": "http://registry.npmjs.org/cryptiles/-/cryptiles-3.1.1.tgz"
        },
        "heavy": {
          "version": "4.0.3",
          "from": "heavy@4.0.3",
          "resolved": "http://registry.npmjs.org/heavy/-/heavy-4.0.3.tgz"
        },
        "hoek": {
          "version": "4.1.0",
          "from": "hoek@4.1.0",
          "resolved": "http://registry.npmjs.org/hoek/-/hoek-4.1.0.tgz"
        },
        "iron": {
          "version": "4.0.4",
          "from": "iron@4.0.4",
          "resolved": "http://registry.npmjs.org/iron/-/iron-4.0.4.tgz"
        },
        "isemail": {
          "version": "2.2.1",
          "from": "isemail@2.2.1",
          "resolved": "http://registry.npmjs.org/isemail/-/isemail-2.2.1.tgz"
        },
        "items": {
          "version": "2.1.1",
          "from": "items@2.1.1",
          "resolved": "http://registry.npmjs.org/items/-/items-2.1.1.tgz"
        },
        "joi": {
          "version": "10.1.0",
          "from": "joi@10.1.0",
          "resolved": "http://registry.npmjs.org/joi/-/joi-10.1.0.tgz"
        },
        "mime-db": {
          "version": "1.25.0",
          "from": "mime-db@1.25.0",
          "resolved": "http://registry.npmjs.org/mime-db/-/mime-db-1.25.0.tgz"
        },
        "mimos": {
          "version": "3.0.3",
          "from": "mimos@3.0.3",
          "resolved": "http://registry.npmjs.org/mimos/-/mimos-3.0.3.tgz"
        },
        "nigel": {
          "version": "2.0.2",
          "from": "nigel@2.0.2",
          "resolved": "http://registry.npmjs.org/nigel/-/nigel-2.0.2.tgz"
        },
        "pez": {
          "version": "2.1.4",
          "from": "pez@2.1.4",
          "resolved": "http://registry.npmjs.org/pez/-/pez-2.1.4.tgz"
        },
        "podium": {
          "version": "1.2.5",
          "from": "podium@1.2.5",
          "resolved": "http://registry.npmjs.org/podium/-/podium-1.2.5.tgz"
        },
        "shot": {
          "version": "3.4.0",
          "from": "shot@3.4.0",
          "resolved": "http://registry.npmjs.org/shot/-/shot-3.4.0.tgz"
        },
        "statehood": {
          "version": "5.0.1",
          "from": "statehood@5.0.1",
          "resolved": "http://registry.npmjs.org/statehood/-/statehood-5.0.1.tgz"
        },
        "subtext": {
          "version": "4.3.0",
          "from": "subtext@4.3.0",
          "resolved": "http://registry.npmjs.org/subtext/-/subtext-4.3.0.tgz"
        },
        "topo": {
          "version": "2.0.2",
          "from": "topo@2.0.2",
          "resolved": "http://registry.npmjs.org/topo/-/topo-2.0.2.tgz"
        },
        "vise": {
          "version": "2.0.2",
          "from": "vise@2.0.2",
          "resolved": "http://registry.npmjs.org/vise/-/vise-2.0.2.tgz"
        },
        "wreck": {
          "version": "10.0.0",
          "from": "wreck@10.0.0",
          "resolved": "http://registry.npmjs.org/wreck/-/wreck-10.0.0.tgz"
        }
      }
    },
    "has-flag": {
      "version": "1.0.0",
      "from": "has-flag@>=1.0.0 <2.0.0",
      "resolved": "https://registry.npmjs.org/has-flag/-/has-flag-1.0.0.tgz",
      "dev": true
    },
    "hoek": {
      "version": "4.1.0",
      "from": "hoek@4.x.x",
      "resolved": "https://registry.npmjs.org/hoek/-/hoek-4.1.0.tgz"
    },
    "inflight": {
      "version": "1.0.6",
      "from": "inflight@>=1.0.4 <2.0.0",
      "resolved": "http://registry.npmjs.org/inflight/-/inflight-1.0.6.tgz",
      "dev": true
    },
    "inherits": {
      "version": "2.0.3",
      "from": "inherits@>=2.0.1 <2.1.0",
      "resolved": "https://registry.npmjs.org/inherits/-/inherits-2.0.3.tgz"
    },
    "is-extendable": {
      "version": "0.1.1",
      "from": "is-extendable@>=0.1.1 <0.2.0",
      "resolved": "https://registry.npmjs.org/is-extendable/-/is-extendable-0.1.1.tgz",
      "dev": true
    },
    "is-redirect": {
      "version": "1.0.0",
      "from": "is-redirect@>=1.0.0 <2.0.0",
      "resolved": "https://registry.npmjs.org/is-redirect/-/is-redirect-1.0.0.tgz"
    },
    "is-retry-allowed": {
      "version": "1.1.0",
      "from": "is-retry-allowed@>=1.0.0 <2.0.0",
      "resolved": "https://registry.npmjs.org/is-retry-allowed/-/is-retry-allowed-1.1.0.tgz"
    },
    "is-stream": {
      "version": "1.1.0",
      "from": "is-stream@>=1.0.0 <2.0.0",
      "resolved": "https://registry.npmjs.org/is-stream/-/is-stream-1.1.0.tgz"
    },
    "is-url": {
      "version": "1.2.2",
      "from": "is-url@1.2.2",
      "resolved": "http://registry.npmjs.org/is-url/-/is-url-1.2.2.tgz"
    },
    "isarray": {
      "version": "0.0.1",
      "from": "isarray@0.0.1",
      "resolved": "https://registry.npmjs.org/isarray/-/isarray-0.0.1.tgz"
    },
    "isemail": {
      "version": "2.2.1",
      "from": "isemail@2.x.x",
      "resolved": "https://registry.npmjs.org/isemail/-/isemail-2.2.1.tgz"
    },
    "items": {
      "version": "2.1.1",
      "from": "items@2.x.x",
      "resolved": "https://registry.npmjs.org/items/-/items-2.1.1.tgz"
    },
    "joi": {
      "version": "10.2.1",
      "from": "joi@10.2.1",
      "resolved": "http://registry.npmjs.org/joi/-/joi-10.2.1.tgz"
    },
    "json-path": {
      "version": "0.1.3",
      "from": "json-path@0.1.3",
      "resolved": "http://registry.npmjs.org/json-path/-/json-path-0.1.3.tgz"
    },
    "json-ptr": {
      "version": "0.1.1",
      "from": "json-ptr@>=0.1.1 <0.2.0",
      "resolved": "http://registry.npmjs.org/json-ptr/-/json-ptr-0.1.1.tgz"
    },
    "json3": {
      "version": "3.3.2",
      "from": "json3@3.3.2",
      "resolved": "https://registry.npmjs.org/json3/-/json3-3.3.2.tgz",
      "dev": true
    },
    "keen.io": {
      "version": "0.1.3",
      "from": "keen.io@0.1.3",
      "resolved": "http://registry.npmjs.org/keen.io/-/keen.io-0.1.3.tgz"
    },
    "lodash": {
      "version": "4.17.4",
      "from": "lodash@4.17.4",
      "resolved": "http://registry.npmjs.org/lodash/-/lodash-4.17.4.tgz",
      "dev": true
    },
    "lodash._baseassign": {
      "version": "3.2.0",
      "from": "lodash._baseassign@>=3.0.0 <4.0.0",
      "resolved": "https://registry.npmjs.org/lodash._baseassign/-/lodash._baseassign-3.2.0.tgz",
      "dev": true
    },
    "lodash._basecopy": {
      "version": "3.0.1",
      "from": "lodash._basecopy@>=3.0.0 <4.0.0",
      "resolved": "https://registry.npmjs.org/lodash._basecopy/-/lodash._basecopy-3.0.1.tgz",
      "dev": true
    },
    "lodash._basecreate": {
      "version": "3.0.3",
      "from": "lodash._basecreate@>=3.0.0 <4.0.0",
      "resolved": "http://registry.npmjs.org/lodash._basecreate/-/lodash._basecreate-3.0.3.tgz",
      "dev": true
    },
    "lodash._getnative": {
      "version": "3.9.1",
      "from": "lodash._getnative@>=3.0.0 <4.0.0",
      "resolved": "https://registry.npmjs.org/lodash._getnative/-/lodash._getnative-3.9.1.tgz",
      "dev": true
    },
    "lodash._isiterateecall": {
      "version": "3.0.9",
      "from": "lodash._isiterateecall@>=3.0.0 <4.0.0",
      "resolved": "https://registry.npmjs.org/lodash._isiterateecall/-/lodash._isiterateecall-3.0.9.tgz",
      "dev": true
    },
    "lodash.create": {
      "version": "3.1.1",
      "from": "lodash.create@3.1.1",
      "resolved": "http://registry.npmjs.org/lodash.create/-/lodash.create-3.1.1.tgz",
      "dev": true
    },
    "lodash.isarguments": {
      "version": "3.1.0",
      "from": "lodash.isarguments@>=3.0.0 <4.0.0",
      "resolved": "http://registry.npmjs.org/lodash.isarguments/-/lodash.isarguments-3.1.0.tgz",
      "dev": true
    },
    "lodash.isarray": {
      "version": "3.0.4",
      "from": "lodash.isarray@>=3.0.0 <4.0.0",
      "resolved": "https://registry.npmjs.org/lodash.isarray/-/lodash.isarray-3.0.4.tgz",
      "dev": true
    },
    "lodash.keys": {
      "version": "3.1.2",
      "from": "lodash.keys@>=3.0.0 <4.0.0",
      "resolved": "https://registry.npmjs.org/lodash.keys/-/lodash.keys-3.1.2.tgz",
      "dev": true
    },
    "lolex": {
      "version": "1.3.2",
      "from": "lolex@1.3.2",
      "resolved": "https://registry.npmjs.org/lolex/-/lolex-1.3.2.tgz",
      "dev": true
    },
    "lowercase-keys": {
      "version": "1.0.0",
      "from": "lowercase-keys@>=1.0.0 <2.0.0",
      "resolved": "https://registry.npmjs.org/lowercase-keys/-/lowercase-keys-1.0.0.tgz"
    },
    "memory-cache": {
      "version": "0.1.6",
      "from": "memory-cache@0.1.6",
      "resolved": "http://registry.npmjs.org/memory-cache/-/memory-cache-0.1.6.tgz"
    },
    "methods": {
      "version": "1.0.1",
      "from": "methods@1.0.1",
      "resolved": "http://registry.npmjs.org/methods/-/methods-1.0.1.tgz"
    },
    "mime": {
      "version": "1.2.11",
      "from": "mime@1.2.11",
      "resolved": "https://registry.npmjs.org/mime/-/mime-1.2.11.tgz"
    },
    "minimatch": {
      "version": "3.0.3",
      "from": "minimatch@>=3.0.2 <4.0.0",
      "resolved": "https://registry.npmjs.org/minimatch/-/minimatch-3.0.3.tgz",
      "dev": true
    },
    "minimist": {
      "version": "0.0.8",
      "from": "minimist@0.0.8",
      "resolved": "https://registry.npmjs.org/minimist/-/minimist-0.0.8.tgz",
      "dev": true
    },
    "mkdirp": {
      "version": "0.5.1",
      "from": "mkdirp@0.5.1",
      "resolved": "https://registry.npmjs.org/mkdirp/-/mkdirp-0.5.1.tgz",
      "dev": true
    },
    "mocha": {
      "version": "3.2.0",
      "from": "mocha@3.2.0",
      "resolved": "http://registry.npmjs.org/mocha/-/mocha-3.2.0.tgz",
      "dev": true,
      "dependencies": {
        "debug": {
          "version": "2.2.0",
          "from": "debug@2.2.0",
          "resolved": "https://registry.npmjs.org/debug/-/debug-2.2.0.tgz",
          "dev": true
        },
        "ms": {
          "version": "0.7.1",
          "from": "ms@0.7.1",
          "resolved": "https://registry.npmjs.org/ms/-/ms-0.7.1.tgz",
          "dev": true
        }
      }
    },
    "ms": {
      "version": "0.7.2",
      "from": "ms@0.7.2",
      "resolved": "http://registry.npmjs.org/ms/-/ms-0.7.2.tgz"
    },
    "native-promise-only": {
      "version": "0.8.1",
      "from": "native-promise-only@>=0.8.1 <0.9.0",
      "resolved": "http://registry.npmjs.org/native-promise-only/-/native-promise-only-0.8.1.tgz",
      "dev": true
    },
    "newrelic": {
      "version": "1.36.2",
      "from": "newrelic@1.36.2",
      "resolved": "http://registry.npmjs.org/newrelic/-/newrelic-1.36.2.tgz",
      "dependencies": {
        "concat-stream": {
          "version": "1.6.0",
          "from": "concat-stream@>=1.5.0 <2.0.0",
          "resolved": "http://pdx-artifacts.pdx.vm.datanerd.us:8081/artifactory/api/npm/npmjs-remote/concat-stream/-/concat-stream-1.6.0.tgz",
          "dependencies": {
            "inherits": {
              "version": "2.0.3",
              "from": "inherits@>=2.0.3 <3.0.0",
              "resolved": "https://registry.npmjs.org/inherits/-/inherits-2.0.3.tgz"
            },
            "readable-stream": {
              "version": "2.2.2",
              "from": "readable-stream@>=2.2.2 <3.0.0",
              "resolved": "https://registry.npmjs.org/readable-stream/-/readable-stream-2.2.2.tgz",
              "dependencies": {
                "buffer-shims": {
                  "version": "1.0.0",
                  "from": "buffer-shims@>=1.0.0 <2.0.0",
                  "resolved": "https://registry.npmjs.org/buffer-shims/-/buffer-shims-1.0.0.tgz"
                },
                "core-util-is": {
                  "version": "1.0.2",
                  "from": "core-util-is@>=1.0.0 <1.1.0",
                  "resolved": "https://registry.npmjs.org/core-util-is/-/core-util-is-1.0.2.tgz"
                },
                "isarray": {
                  "version": "1.0.0",
                  "from": "isarray@>=1.0.0 <1.1.0",
                  "resolved": "https://registry.npmjs.org/isarray/-/isarray-1.0.0.tgz"
                },
                "process-nextick-args": {
                  "version": "1.0.7",
                  "from": "process-nextick-args@>=1.0.6 <1.1.0",
                  "resolved": "https://registry.npmjs.org/process-nextick-args/-/process-nextick-args-1.0.7.tgz"
                },
                "string_decoder": {
                  "version": "0.10.31",
                  "from": "string_decoder@>=0.10.0 <0.11.0",
                  "resolved": "https://registry.npmjs.org/string_decoder/-/string_decoder-0.10.31.tgz"
                },
                "util-deprecate": {
                  "version": "1.0.2",
                  "from": "util-deprecate@>=1.0.1 <1.1.0",
                  "resolved": "https://registry.npmjs.org/util-deprecate/-/util-deprecate-1.0.2.tgz"
                }
              }
            },
            "typedarray": {
              "version": "0.0.6",
              "from": "typedarray@>=0.0.6 <0.0.7",
              "resolved": "http://pdx-artifacts.pdx.vm.datanerd.us:8081/artifactory/api/npm/npmjs-remote/typedarray/-/typedarray-0.0.6.tgz"
            }
          }
        },
        "https-proxy-agent": {
          "version": "0.3.6",
          "from": "https-proxy-agent@>=0.3.5 <0.4.0",
          "resolved": "http://pdx-artifacts.pdx.vm.datanerd.us:8081/artifactory/api/npm/npmjs-remote/https-proxy-agent/-/https-proxy-agent-0.3.6.tgz",
          "dependencies": {
            "agent-base": {
              "version": "1.0.2",
              "from": "agent-base@>=1.0.1 <1.1.0",
              "resolved": "http://pdx-artifacts.pdx.vm.datanerd.us:8081/artifactory/api/npm/npmjs-remote/agent-base/-/agent-base-1.0.2.tgz"
            },
            "debug": {
              "version": "2.6.0",
              "from": "debug@>=2.0.0 <3.0.0",
              "resolved": "http://pdx-artifacts.pdx.vm.datanerd.us:8081/artifactory/api/npm/npmjs-remote/debug/-/debug-2.6.0.tgz",
              "dependencies": {
                "ms": {
                  "version": "0.7.2",
                  "from": "ms@0.7.2",
                  "resolved": "https://registry.npmjs.org/ms/-/ms-0.7.2.tgz"
                }
              }
            },
            "extend": {
              "version": "3.0.0",
              "from": "extend@>=3.0.0 <4.0.0",
              "resolved": "https://registry.npmjs.org/extend/-/extend-3.0.0.tgz"
            }
          }
        },
        "json-stringify-safe": {
          "version": "5.0.1",
          "from": "json-stringify-safe@>=5.0.0 <6.0.0",
          "resolved": "https://registry.npmjs.org/json-stringify-safe/-/json-stringify-safe-5.0.1.tgz"
        },
        "readable-stream": {
          "version": "1.1.14",
          "from": "readable-stream@>=1.1.13 <2.0.0",
          "resolved": "https://registry.npmjs.org/readable-stream/-/readable-stream-1.1.14.tgz",
          "dependencies": {
            "core-util-is": {
              "version": "1.0.2",
              "from": "core-util-is@>=1.0.0 <1.1.0",
              "resolved": "https://registry.npmjs.org/core-util-is/-/core-util-is-1.0.2.tgz"
            },
            "inherits": {
              "version": "2.0.3",
              "from": "inherits@>=2.0.1 <2.1.0",
              "resolved": "https://registry.npmjs.org/inherits/-/inherits-2.0.3.tgz"
            },
            "isarray": {
              "version": "0.0.1",
              "from": "isarray@0.0.1",
              "resolved": "https://registry.npmjs.org/isarray/-/isarray-0.0.1.tgz"
            },
            "string_decoder": {
              "version": "0.10.31",
              "from": "string_decoder@>=0.10.0 <0.11.0",
              "resolved": "https://registry.npmjs.org/string_decoder/-/string_decoder-0.10.31.tgz"
            }
          }
        },
        "semver": {
          "version": "5.3.0",
          "from": "semver@>=5.3.0 <6.0.0",
          "resolved": "https://registry.npmjs.org/semver/-/semver-5.3.0.tgz"
        },
        "yakaa": {
          "version": "1.0.1",
          "from": "yakaa@>=1.0.1 <2.0.0",
          "resolved": "http://pdx-artifacts.pdx.vm.datanerd.us:8081/artifactory/api/npm/npmjs-remote/yakaa/-/yakaa-1.0.1.tgz"
        }
      }
    },
    "object.omit": {
      "version": "2.0.1",
      "from": "object.omit@>=2.0.0 <2.1.0",
      "resolved": "http://registry.npmjs.org/object.omit/-/object.omit-2.0.1.tgz",
      "dev": true
    },
    "once": {
      "version": "1.4.0",
      "from": "once@>=1.3.0 <2.0.0",
      "resolved": "http://registry.npmjs.org/once/-/once-1.4.0.tgz",
      "dev": true
    },
    "path-is-absolute": {
      "version": "1.0.1",
      "from": "path-is-absolute@>=1.0.0 <2.0.0",
      "resolved": "http://registry.npmjs.org/path-is-absolute/-/path-is-absolute-1.0.1.tgz",
      "dev": true
    },
    "prepend-http": {
      "version": "1.0.4",
      "from": "prepend-http@>=1.0.1 <2.0.0",
      "resolved": "https://registry.npmjs.org/prepend-http/-/prepend-http-1.0.4.tgz"
    },
    "qs": {
      "version": "1.2.0",
      "from": "qs@1.2.0",
      "resolved": "http://registry.npmjs.org/qs/-/qs-1.2.0.tgz"
    },
    "readable-stream": {
      "version": "1.0.27-1",
      "from": "readable-stream@1.0.27-1",
      "resolved": "http://registry.npmjs.org/readable-stream/-/readable-stream-1.0.27-1.tgz"
    },
    "reduce-component": {
      "version": "1.0.1",
      "from": "reduce-component@1.0.1",
      "resolved": "http://registry.npmjs.org/reduce-component/-/reduce-component-1.0.1.tgz"
    },
    "safe-buffer": {
      "version": "5.0.1",
      "from": "safe-buffer@>=5.0.1 <6.0.0",
      "resolved": "http://registry.npmjs.org/safe-buffer/-/safe-buffer-5.0.1.tgz"
    },
    "samsam": {
      "version": "1.1.2",
      "from": "samsam@1.1.2",
      "resolved": "https://registry.npmjs.org/samsam/-/samsam-1.1.2.tgz",
      "dev": true
    },
    "sinon": {
      "version": "1.17.7",
      "from": "sinon@1.17.7",
      "resolved": "http://registry.npmjs.org/sinon/-/sinon-1.17.7.tgz",
      "dev": true
    },
    "sinon-as-promised": {
      "version": "4.0.2",
      "from": "sinon-as-promised@4.0.2",
      "resolved": "http://registry.npmjs.org/sinon-as-promised/-/sinon-as-promised-4.0.2.tgz",
      "dev": true
    },
    "string_decoder": {
      "version": "0.10.31",
      "from": "string_decoder@>=0.10.0 <0.11.0",
      "resolved": "https://registry.npmjs.org/string_decoder/-/string_decoder-0.10.31.tgz"
    },
    "superagent": {
      "version": "0.21.0",
      "from": "superagent@>=0.21.0 <0.22.0",
      "resolved": "http://registry.npmjs.org/superagent/-/superagent-0.21.0.tgz"
    },
    "supports-color": {
      "version": "3.1.2",
      "from": "supports-color@3.1.2",
      "resolved": "https://registry.npmjs.org/supports-color/-/supports-color-3.1.2.tgz",
      "dev": true
    },
    "timed-out": {
      "version": "4.0.1",
      "from": "timed-out@>=4.0.0 <5.0.0",
      "resolved": "https://registry.npmjs.org/timed-out/-/timed-out-4.0.1.tgz"
    },
    "topo": {
      "version": "2.0.2",
      "from": "topo@2.x.x",
      "resolved": "https://registry.npmjs.org/topo/-/topo-2.0.2.tgz"
    },
    "underscore": {
      "version": "1.5.2",
      "from": "underscore@>=1.5.2 <1.6.0",
      "resolved": "https://registry.npmjs.org/underscore/-/underscore-1.5.2.tgz"
    },
    "unique-concat": {
      "version": "0.2.2",
      "from": "unique-concat@>=0.2.2 <0.3.0",
      "resolved": "http://registry.npmjs.org/unique-concat/-/unique-concat-0.2.2.tgz",
      "dev": true
    },
    "unzip-response": {
      "version": "2.0.1",
      "from": "unzip-response@>=2.0.1 <3.0.0",
      "resolved": "http://registry.npmjs.org/unzip-response/-/unzip-response-2.0.1.tgz"
    },
    "url-parse-lax": {
      "version": "1.0.0",
      "from": "url-parse-lax@>=1.0.0 <2.0.0",
      "resolved": "https://registry.npmjs.org/url-parse-lax/-/url-parse-lax-1.0.0.tgz"
    },
    "util": {
      "version": "0.10.3",
      "from": "util@>=0.10.3 <1.0.0",
      "resolved": "https://registry.npmjs.org/util/-/util-0.10.3.tgz",
      "dev": true,
      "dependencies": {
        "inherits": {
          "version": "2.0.1",
          "from": "inherits@2.0.1",
          "resolved": "https://registry.npmjs.org/inherits/-/inherits-2.0.1.tgz",
          "dev": true
        }
      }
    },
    "wrappy": {
      "version": "1.0.2",
      "from": "wrappy@>=1.0.0 <2.0.0",
      "resolved": "https://registry.npmjs.org/wrappy/-/wrappy-1.0.2.tgz",
      "dev": true
    }
  }
}
